
Microsoft Visual Studio Solution File, Format Version 12.00
# Visual Studio Version 16
VisualStudioVersion = 16.0.30621.155
MinimumVisualStudioVersion = 10.0.40219.1
Project("{9A19103F-16F7-4668-BE54-9A1E7A4F7556}") = "CheckSum", "CheckSum\CheckSum.csproj", "{B5BA1DC1-16B7-4550-8B0E-0B433F891D60}"
EndProject
Project("{9A19103F-16F7-4668-BE54-9A1E7A4F7556}") = "DllLoader", "DllLoader\DllLoader.csproj", "{ABC0820B-0CC3-4443-9CFC-454E1EE39864}"
EndProject
Project("{9A19103F-16F7-4668-BE54-9A1E7A4F7556}") = "Test", "Test\Test.csproj", "{BE6F220B-0D17-453B-BAE5-906711509727}"
EndProject
Project("{2150E333-8FDC-42A3-9474-1A3956D46DE8}") = "Extension", "Extension", "{28AE8CA5-8C2C-4375-9B46-6DD2A19A2289}"
EndProject
Project("{9A19103F-16F7-4668-BE54-9A1E7A4F7556}") = "SHA", "SHA\SHA.csproj", "{0505330F-1152-4AA7-A7A4-F68690F1BB12}"
EndProject
Project("{9A19103F-16F7-4668-BE54-9A1E7A4F7556}") = "MD5", "MD5\MD5.csproj", "{6F310268-9389-4E32-9DDD-2A3538023E5D}"
EndProject
Project("{9A19103F-16F7-4668-BE54-9A1E7A4F7556}") = "UI", "UI\UI.csproj", "{68F2B809-B25C-4877-B0B0-562FF7D767E5}"
EndProject
Project("{2150E333-8FDC-42A3-9474-1A3956D46DE8}") = "Core", "Core", "{0C1455F1-5B49-49B7-B230-701EA1604E6B}"
EndProject
Global
	GlobalSection(SolutionConfigurationPlatforms) = preSolution
		Debug|Any CPU = Debug|Any CPU
		Debug|x64 = Debug|x64
		Debug|x86 = Debug|x86
		Release|Any CPU = Release|Any CPU
		Release|x64 = Release|x64
		Release|x86 = Release|x86
	EndGlobalSection
	GlobalSection(ProjectConfigurationPlatforms) = postSolution
		{B5BA1DC1-16B7-4550-8B0E-0B433F891D60}.Debug|Any CPU.ActiveCfg = Debug|Any CPU
		{B5BA1DC1-16B7-4550-8B0E-0B433F891D60}.Debug|Any CPU.Build.0 = Debug|Any CPU
		{B5BA1DC1-16B7-4550-8B0E-0B433F891D60}.Debug|x64.ActiveCfg = Debug|Any CPU
		{B5BA1DC1-16B7-4550-8B0E-0B433F891D60}.Debug|x64.Build.0 = Debug|Any CPU
		{B5BA1DC1-16B7-4550-8B0E-0B433F891D60}.Debug|x86.ActiveCfg = Debug|x86
		{B5BA1DC1-16B7-4550-8B0E-0B433F891D60}.Debug|x86.Build.0 = Debug|x86
		{B5BA1DC1-16B7-4550-8B0E-0B433F891D60}.Release|Any CPU.ActiveCfg = Release|Any CPU
		{B5BA1DC1-16B7-4550-8B0E-0B433F891D60}.Release|Any CPU.Build.0 = Release|Any CPU
		{B5BA1DC1-16B7-4550-8B0E-0B433F891D60}.Release|x64.ActiveCfg = Release|Any CPU
		{B5BA1DC1-16B7-4550-8B0E-0B433F891D60}.Release|x64.Build.0 = Release|Any CPU
		{B5BA1DC1-16B7-4550-8B0E-0B433F891D60}.Release|x86.ActiveCfg = Release|x86
		{B5BA1DC1-16B7-4550-8B0E-0B433F891D60}.Release|x86.Build.0 = Release|x86
		{ABC0820B-0CC3-4443-9CFC-454E1EE39864}.Debug|Any CPU.ActiveCfg = Debug|Any CPU
		{ABC0820B-0CC3-4443-9CFC-454E1EE39864}.Debug|Any CPU.Build.0 = Debug|Any CPU
		{ABC0820B-0CC3-4443-9CFC-454E1EE39864}.Debug|x64.ActiveCfg = Debug|Any CPU
		{ABC0820B-0CC3-4443-9CFC-454E1EE39864}.Debug|x64.Build.0 = Debug|Any CPU
		{ABC0820B-0CC3-4443-9CFC-454E1EE39864}.Debug|x86.ActiveCfg = Debug|Any CPU
		{ABC0820B-0CC3-4443-9CFC-454E1EE39864}.Debug|x86.Build.0 = Debug|Any CPU
		{ABC0820B-0CC3-4443-9CFC-454E1EE39864}.Release|Any CPU.ActiveCfg = Release|Any CPU
		{ABC0820B-0CC3-4443-9CFC-454E1EE39864}.Release|Any CPU.Build.0 = Release|Any CPU
		{ABC0820B-0CC3-4443-9CFC-454E1EE39864}.Release|x64.ActiveCfg = Release|Any CPU
		{ABC0820B-0CC3-4443-9CFC-454E1EE39864}.Release|x64.Build.0 = Release|Any CPU
		{ABC0820B-0CC3-4443-9CFC-454E1EE39864}.Release|x86.ActiveCfg = Release|Any CPU
		{ABC0820B-0CC3-4443-9CFC-454E1EE39864}.Release|x86.Build.0 = Release|Any CPU
		{BE6F220B-0D17-453B-BAE5-906711509727}.Debug|Any CPU.ActiveCfg = Debug|Any CPU
		{BE6F220B-0D17-453B-BAE5-906711509727}.Debug|Any CPU.Build.0 = Debug|Any CPU
		{BE6F220B-0D17-453B-BAE5-906711509727}.Debug|x64.ActiveCfg = Debug|Any CPU
		{BE6F220B-0D17-453B-BAE5-906711509727}.Debug|x64.Build.0 = Debug|Any CPU
		{BE6F220B-0D17-453B-BAE5-906711509727}.Debug|x86.ActiveCfg = Debug|Any CPU
		{BE6F220B-0D17-453B-BAE5-906711509727}.Debug|x86.Build.0 = Debug|Any CPU
		{BE6F220B-0D17-453B-BAE5-906711509727}.Release|Any CPU.ActiveCfg = Release|Any CPU
		{BE6F220B-0D17-453B-BAE5-906711509727}.Release|Any CPU.Build.0 = Release|Any CPU
		{BE6F220B-0D17-453B-BAE5-906711509727}.Release|x64.ActiveCfg = Release|Any CPU
		{BE6F220B-0D17-453B-BAE5-906711509727}.Release|x64.Build.0 = Release|Any CPU
		{BE6F220B-0D17-453B-BAE5-906711509727}.Release|x86.ActiveCfg = Release|Any CPU
		{BE6F220B-0D17-453B-BAE5-906711509727}.Release|x86.Build.0 = Release|Any CPU
		{0505330F-1152-4AA7-A7A4-F68690F1BB12}.Debug|Any CPU.ActiveCfg = Debug|Any CPU
		{0505330F-1152-4AA7-A7A4-F68690F1BB12}.Debug|Any CPU.Build.0 = Debug|Any CPU
		{0505330F-1152-4AA7-A7A4-F68690F1BB12}.Debug|x64.ActiveCfg = Debug|Any CPU
		{0505330F-1152-4AA7-A7A4-F68690F1BB12}.Debug|x64.Build.0 = Debug|Any CPU
		{0505330F-1152-4AA7-A7A4-F68690F1BB12}.Debug|x86.ActiveCfg = Debug|Any CPU
		{0505330F-1152-4AA7-A7A4-F68690F1BB12}.Debug|x86.Build.0 = Debug|Any CPU
		{0505330F-1152-4AA7-A7A4-F68690F1BB12}.Release|Any CPU.ActiveCfg = Release|Any CPU
		{0505330F-1152-4AA7-A7A4-F68690F1BB12}.Release|Any CPU.Build.0 = Release|Any CPU
		{0505330F-1152-4AA7-A7A4-F68690F1BB12}.Release|x64.ActiveCfg = Release|Any CPU
		{0505330F-1152-4AA7-A7A4-F68690F1BB12}.Release|x64.Build.0 = Release|Any CPU
		{0505330F-1152-4AA7-A7A4-F68690F1BB12}.Release|x86.ActiveCfg = Release|Any CPU
		{0505330F-1152-4AA7-A7A4-F68690F1BB12}.Release|x86.Build.0 = Release|Any CPU
		{6F310268-9389-4E32-9DDD-2A3538023E5D}.Debug|Any CPU.ActiveCfg = Debug|Any CPU
		{6F310268-9389-4E32-9DDD-2A3538023E5D}.Debug|Any CPU.Build.0 = Debug|Any CPU
		{6F310268-9389-4E32-9DDD-2A3538023E5D}.Debug|x64.ActiveCfg = Debug|Any CPU
		{6F310268-9389-4E32-9DDD-2A3538023E5D}.Debug|x64.Build.0 = Debug|Any CPU
		{6F310268-9389-4E32-9DDD-2A3538023E5D}.Debug|x86.ActiveCfg = Debug|Any CPU
		{6F310268-9389-4E32-9DDD-2A3538023E5D}.Debug|x86.Build.0 = Debug|Any CPU
		{6F310268-9389-4E32-9DDD-2A3538023E5D}.Release|Any CPU.ActiveCfg = Release|Any CPU
		{6F310268-9389-4E32-9DDD-2A3538023E5D}.Release|Any CPU.Build.0 = Release|Any CPU
		{6F310268-9389-4E32-9DDD-2A3538023E5D}.Release|x64.ActiveCfg = Release|Any CPU
		{6F310268-9389-4E32-9DDD-2A3538023E5D}.Release|x64.Build.0 = Release|Any CPU
		{6F310268-9389-4E32-9DDD-2A3538023E5D}.Release|x86.ActiveCfg = Release|Any CPU
		{6F310268-9389-4E32-9DDD-2A3538023E5D}.Release|x86.Build.0 = Release|Any CPU
		{68F2B809-B25C-4877-B0B0-562FF7D767E5}.Debug|Any CPU.ActiveCfg = Debug|Any CPU
		{68F2B809-B25C-4877-B0B0-562FF7D767E5}.Debug|Any CPU.Build.0 = Debug|Any CPU
		{68F2B809-B25C-4877-B0B0-562FF7D767E5}.Debug|x64.ActiveCfg = Debug|Any CPU
		{68F2B809-B25C-4877-B0B0-562FF7D767E5}.Debug|x64.Build.0 = Debug|Any CPU
		{68F2B809-B25C-4877-B0B0-562FF7D767E5}.Debug|x86.ActiveCfg = Debug|Any CPU
		{68F2B809-B25C-4877-B0B0-562FF7D767E5}.Debug|x86.Build.0 = Debug|Any CPU
		{68F2B809-B25C-4877-B0B0-562FF7D767E5}.Release|Any CPU.ActiveCfg = Release|Any CPU
		{68F2B809-B25C-4877-B0B0-562FF7D767E5}.Release|Any CPU.Build.0 = Release|Any CPU
		{68F2B809-B25C-4877-B0B0-562FF7D767E5}.Release|x64.ActiveCfg = Release|Any CPU
		{68F2B809-B25C-4877-B0B0-562FF7D767E5}.Release|x64.Build.0 = Release|Any CPU
		{68F2B809-B25C-4877-B0B0-562FF7D767E5}.Release|x86.ActiveCfg = Release|Any CPU
		{68F2B809-B25C-4877-B0B0-562FF7D767E5}.Release|x86.Build.0 = Release|Any CPU
	EndGlobalSection
	GlobalSection(SolutionProperties) = preSolution
		HideSolutionNode = FALSE
	EndGlobalSection
	GlobalSection(NestedProjects) = preSolution
		{B5BA1DC1-16B7-4550-8B0E-0B433F891D60} = {0C1455F1-5B49-49B7-B230-701EA1604E6B}
		{ABC0820B-0CC3-4443-9CFC-454E1EE39864} = {0C1455F1-5B49-49B7-B230-701EA1604E6B}
		{0505330F-1152-4AA7-A7A4-F68690F1BB12} = {28AE8CA5-8C2C-4375-9B46-6DD2A19A2289}
		{6F310268-9389-4E32-9DDD-2A3538023E5D} = {28AE8CA5-8C2C-4375-9B46-6DD2A19A2289}
	EndGlobalSection
	GlobalSection(ExtensibilityGlobals) = postSolution
		SolutionGuid = {A5DC5D5D-B23C-4593-AC52-CB3963B77793}
	EndGlobalSection
EndGlobal
